dependencies:
- name: cloudnative-pg
  repository: https://cloudnative-pg.github.io/charts
  version: 0.27.1
- name: strimzi-kafka-operator
  repository: https://strimzi.io/charts/
  version: 0.51.0
- name: openebs
  repository: https://openebs.github.io/charts
  version: 3.10.0
digest: sha256:2402930caf0124696b587bf47d2dc253d77cf676f1b28010dce203afc6c1e8b0
generated: "2026-03-24T16:44:08.84736623+05:30"
