dependencies:
- name: cloudnative-pg
  repository: https://cloudnative-pg.github.io/charts
  version: 0.22.1
- name: strimzi-kafka-operator
  repository: https://strimzi.io/charts/
  version: 0.51.0
- name: openebs
  repository: https://openebs.github.io/charts
  version: 3.10.0
- name: argo-cd
  repository: https://argoproj.github.io/argo-helm
  version: 9.4.16
digest: sha256:8c302b471f2b89d50b7ad3a272d5039362ee74a8e9e6dae542b5a624bc9e4bd9
generated: "2026-03-26T19:10:17.3071294+05:30"
